
Microsoft Visual Studio Solution File, Format Version 12.00
# Visual Studio Version 17
VisualStudioVersion = 17.11.35303.130
MinimumVisualStudioVersion = 10.0.40219.1
Project("{9A19103F-16F7-4668-BE54-9A1E7A4F7556}") = "TechGear.ApiGateway", "src\API Gateway\TechGear.APIGateway\TechGear.ApiGateway.csproj", "{CE2F9ACD-6154-4C99-A5CC-49D5B4411625}"
EndProject
Project("{9A19103F-16F7-4668-BE54-9A1E7A4F7556}") = "TechGear.AuthService", "src\Services\TechGear.AuthService\TechGear.AuthService.csproj", "{9886B362-0E80-4716-B44B-557604E9F8E5}"
EndProject
Project("{9A19103F-16F7-4668-BE54-9A1E7A4F7556}") = "TechGear.UserService", "src\Services\TechGear.UserService\TechGear.UserService.csproj", "{08B477A9-B4CF-4D11-985F-C8829B4FEA6B}"
EndProject
Project("{9A19103F-16F7-4668-BE54-9A1E7A4F7556}") = "TechGear.ProductService", "src\Services\TechGear.ProductService\TechGear.ProductService.csproj", "{77DBB502-7B03-4120-9285-A640A97B9EAF}"
EndProject
Project("{9A19103F-16F7-4668-BE54-9A1E7A4F7556}") = "TechGear.OrderService", "src\Services\TechGear.OrderService\TechGear.OrderService.csproj", "{FA1DB0AC-672A-44D4-9383-A99AA3E578DB}"
EndProject
Project("{9A19103F-16F7-4668-BE54-9A1E7A4F7556}") = "TechGear.ChatService", "src\Services\TechGear.ChatService\TechGear.ChatService.csproj", "{DC81AC64-2EB0-4231-93DE-A538388A97DE}"
EndProject
Global
	GlobalSection(SolutionConfigurationPlatforms) = preSolution
		Debug|Any CPU = Debug|Any CPU
		Release|Any CPU = Release|Any CPU
	EndGlobalSection
	GlobalSection(ProjectConfigurationPlatforms) = postSolution
		{CE2F9ACD-6154-4C99-A5CC-49D5B4411625}.Debug|Any CPU.ActiveCfg = Debug|Any CPU
		{CE2F9ACD-6154-4C99-A5CC-49D5B4411625}.Debug|Any CPU.Build.0 = Debug|Any CPU
		{CE2F9ACD-6154-4C99-A5CC-49D5B4411625}.Release|Any CPU.ActiveCfg = Release|Any CPU
		{CE2F9ACD-6154-4C99-A5CC-49D5B4411625}.Release|Any CPU.Build.0 = Release|Any CPU
		{9886B362-0E80-4716-B44B-557604E9F8E5}.Debug|Any CPU.ActiveCfg = Debug|Any CPU
		{9886B362-0E80-4716-B44B-557604E9F8E5}.Debug|Any CPU.Build.0 = Debug|Any CPU
		{9886B362-0E80-4716-B44B-557604E9F8E5}.Release|Any CPU.ActiveCfg = Release|Any CPU
		{9886B362-0E80-4716-B44B-557604E9F8E5}.Release|Any CPU.Build.0 = Release|Any CPU
		{08B477A9-B4CF-4D11-985F-C8829B4FEA6B}.Debug|Any CPU.ActiveCfg = Debug|Any CPU
		{08B477A9-B4CF-4D11-985F-C8829B4FEA6B}.Debug|Any CPU.Build.0 = Debug|Any CPU
		{08B477A9-B4CF-4D11-985F-C8829B4FEA6B}.Release|Any CPU.ActiveCfg = Release|Any CPU
		{08B477A9-B4CF-4D11-985F-C8829B4FEA6B}.Release|Any CPU.Build.0 = Release|Any CPU
		{77DBB502-7B03-4120-9285-A640A97B9EAF}.Debug|Any CPU.ActiveCfg = Debug|Any CPU
		{77DBB502-7B03-4120-9285-A640A97B9EAF}.Debug|Any CPU.Build.0 = Debug|Any CPU
		{77DBB502-7B03-4120-9285-A640A97B9EAF}.Release|Any CPU.ActiveCfg = Release|Any CPU
		{77DBB502-7B03-4120-9285-A640A97B9EAF}.Release|Any CPU.Build.0 = Release|Any CPU
		{FA1DB0AC-672A-44D4-9383-A99AA3E578DB}.Debug|Any CPU.ActiveCfg = Debug|Any CPU
		{FA1DB0AC-672A-44D4-9383-A99AA3E578DB}.Debug|Any CPU.Build.0 = Debug|Any CPU
		{FA1DB0AC-672A-44D4-9383-A99AA3E578DB}.Release|Any CPU.ActiveCfg = Release|Any CPU
		{FA1DB0AC-672A-44D4-9383-A99AA3E578DB}.Release|Any CPU.Build.0 = Release|Any CPU
		{DC81AC64-2EB0-4231-93DE-A538388A97DE}.Debug|Any CPU.ActiveCfg = Debug|Any CPU
		{DC81AC64-2EB0-4231-93DE-A538388A97DE}.Debug|Any CPU.Build.0 = Debug|Any CPU
		{DC81AC64-2EB0-4231-93DE-A538388A97DE}.Release|Any CPU.ActiveCfg = Release|Any CPU
		{DC81AC64-2EB0-4231-93DE-A538388A97DE}.Release|Any CPU.Build.0 = Release|Any CPU
	EndGlobalSection
	GlobalSection(SolutionProperties) = preSolution
		HideSolutionNode = FALSE
	EndGlobalSection
	GlobalSection(ExtensibilityGlobals) = postSolution
		SolutionGuid = {D68FED2F-87E5-41D6-AB12-7A962CFF2383}
	EndGlobalSection
EndGlobal
